
Microsoft Visual Studio Solution File, Format Version 12.00
Project("{FAE04EC0-301F-11D3-BF4B-00C04F79EFBC}") = "SafeAround.Api", "SafeAround.Api\SafeAround.Api.csproj", "{2FA9DCB7-EACF-479C-B28A-CB9CDBE9792A}"
EndProject
Project("{FAE04EC0-301F-11D3-BF4B-00C04F79EFBC}") = "SafeAround.Api.Tests", "SafeAround.Api.Tests\SafeAround.Api.Tests.csproj", "{AE062ED9-4A63-4B37-AD01-2D1FAD814D29}"
EndProject
Global
	GlobalSection(SolutionConfigurationPlatforms) = preSolution
		Debug|Any CPU = Debug|Any CPU
		Release|Any CPU = Release|Any CPU
	EndGlobalSection
	GlobalSection(ProjectConfigurationPlatforms) = postSolution
		{2FA9DCB7-EACF-479C-B28A-CB9CDBE9792A}.Debug|Any CPU.ActiveCfg = Debug|Any CPU
		{2FA9DCB7-EACF-479C-B28A-CB9CDBE9792A}.Debug|Any CPU.Build.0 = Debug|Any CPU
		{2FA9DCB7-EACF-479C-B28A-CB9CDBE9792A}.Release|Any CPU.ActiveCfg = Release|Any CPU
		{2FA9DCB7-EACF-479C-B28A-CB9CDBE9792A}.Release|Any CPU.Build.0 = Release|Any CPU
		{AE062ED9-4A63-4B37-AD01-2D1FAD814D29}.Debug|Any CPU.ActiveCfg = Debug|Any CPU
		{AE062ED9-4A63-4B37-AD01-2D1FAD814D29}.Debug|Any CPU.Build.0 = Debug|Any CPU
		{AE062ED9-4A63-4B37-AD01-2D1FAD814D29}.Release|Any CPU.ActiveCfg = Release|Any CPU
		{AE062ED9-4A63-4B37-AD01-2D1FAD814D29}.Release|Any CPU.Build.0 = Release|Any CPU
	EndGlobalSection
EndGlobal
